
Microsoft Visual Studio Solution File, Format Version 12.00
# Visual Studio Version 16
VisualStudioVersion = 16.0.30225.117
MinimumVisualStudioVersion = 10.0.40219.1
Project("{9A19103F-16F7-4668-BE54-9A1E7A4F7556}") = "Register", "Register\Register.csproj", "{B35665B1-85D3-4EFB-A46C-EDC2D2C1D756}"
EndProject
Project("{FAE04EC0-301F-11D3-BF4B-00C04F79EFBC}") = "RegisterTests", "RegisterTests\RegisterTests.csproj", "{6D88F3D3-9ACF-407A-8547-5F88D40340F0}"
EndProject
Global
	GlobalSection(SolutionConfigurationPlatforms) = preSolution
		Debug|Any CPU = Debug|Any CPU
		Release|Any CPU = Release|Any CPU
	EndGlobalSection
	GlobalSection(ProjectConfigurationPlatforms) = postSolution
		{B35665B1-85D3-4EFB-A46C-EDC2D2C1D756}.Debug|Any CPU.ActiveCfg = Debug|Any CPU
		{B35665B1-85D3-4EFB-A46C-EDC2D2C1D756}.Debug|Any CPU.Build.0 = Debug|Any CPU
		{B35665B1-85D3-4EFB-A46C-EDC2D2C1D756}.Release|Any CPU.ActiveCfg = Release|Any CPU
		{B35665B1-85D3-4EFB-A46C-EDC2D2C1D756}.Release|Any CPU.Build.0 = Release|Any CPU
		{6D88F3D3-9ACF-407A-8547-5F88D40340F0}.Debug|Any CPU.ActiveCfg = Debug|Any CPU
		{6D88F3D3-9ACF-407A-8547-5F88D40340F0}.Debug|Any CPU.Build.0 = Debug|Any CPU
		{6D88F3D3-9ACF-407A-8547-5F88D40340F0}.Release|Any CPU.ActiveCfg = Release|Any CPU
		{6D88F3D3-9ACF-407A-8547-5F88D40340F0}.Release|Any CPU.Build.0 = Release|Any CPU
	EndGlobalSection
	GlobalSection(SolutionProperties) = preSolution
		HideSolutionNode = FALSE
	EndGlobalSection
	GlobalSection(ExtensibilityGlobals) = postSolution
		SolutionGuid = {ECAA57B5-E51B-4912-BB6E-7832855078F7}
	EndGlobalSection
EndGlobal
